
Microsoft Visual Studio Solution File, Format Version 12.00
# Visual Studio Version 17
VisualStudioVersion = 17.4.33122.133
MinimumVisualStudioVersion = 10.0.40219.1
Project("{9A19103F-16F7-4668-BE54-9A1E7A4F7556}") = "FlowStepsChain.NetCore", "FlowStepsChain.NetCore\FlowStepsChain.NetCore.csproj", "{0843E9FD-E4CB-4574-BA81-D26CAAB86FF2}"
EndProject
Project("{FAE04EC0-301F-11D3-BF4B-00C04F79EFBC}") = "FlowStepsChain.NetCore.Sample", "FlowStepsChain.NetCore.Sample\FlowStepsChain.NetCore.Sample.csproj", "{6719C78D-35A8-458E-9A39-5C2CD55DC521}"
EndProject
Global
	GlobalSection(SolutionConfigurationPlatforms) = preSolution
		Debug|Any CPU = Debug|Any CPU
		Release|Any CPU = Release|Any CPU
	EndGlobalSection
	GlobalSection(ProjectConfigurationPlatforms) = postSolution
		{0843E9FD-E4CB-4574-BA81-D26CAAB86FF2}.Debug|Any CPU.ActiveCfg = Debug|Any CPU
		{0843E9FD-E4CB-4574-BA81-D26CAAB86FF2}.Debug|Any CPU.Build.0 = Debug|Any CPU
		{0843E9FD-E4CB-4574-BA81-D26CAAB86FF2}.Release|Any CPU.ActiveCfg = Release|Any CPU
		{0843E9FD-E4CB-4574-BA81-D26CAAB86FF2}.Release|Any CPU.Build.0 = Release|Any CPU
		{6719C78D-35A8-458E-9A39-5C2CD55DC521}.Debug|Any CPU.ActiveCfg = Debug|Any CPU
		{6719C78D-35A8-458E-9A39-5C2CD55DC521}.Debug|Any CPU.Build.0 = Debug|Any CPU
		{6719C78D-35A8-458E-9A39-5C2CD55DC521}.Release|Any CPU.ActiveCfg = Release|Any CPU
		{6719C78D-35A8-458E-9A39-5C2CD55DC521}.Release|Any CPU.Build.0 = Release|Any CPU
	EndGlobalSection
	GlobalSection(SolutionProperties) = preSolution
		HideSolutionNode = FALSE
	EndGlobalSection
	GlobalSection(ExtensibilityGlobals) = postSolution
		SolutionGuid = {AEFCC770-F8AD-4398-B9F7-99EEB7A2DAC3}
	EndGlobalSection
EndGlobal
